
Microsoft Visual Studio Solution File, Format Version 12.00
# Visual Studio Version 16
VisualStudioVersion = 16.0.30804.86
MinimumVisualStudioVersion = 10.0.40219.1
Project("{FAE04EC0-301F-11D3-BF4B-00C04F79EFBC}") = "AgvPlanningModule", "AgvPlanningModule\AgvPlanningModule.csproj", "{C2979FA7-FA25-48A4-BF30-82A97C0D565A}"
EndProject
Global
	GlobalSection(SolutionConfigurationPlatforms) = preSolution
		Debug|Any CPU = Debug|Any CPU
		Release|Any CPU = Release|Any CPU
	EndGlobalSection
	GlobalSection(ProjectConfigurationPlatforms) = postSolution
		{C2979FA7-FA25-48A4-BF30-82A97C0D565A}.Debug|Any CPU.ActiveCfg = Debug|Any CPU
		{C2979FA7-FA25-48A4-BF30-82A97C0D565A}.Debug|Any CPU.Build.0 = Debug|Any CPU
		{C2979FA7-FA25-48A4-BF30-82A97C0D565A}.Release|Any CPU.ActiveCfg = Release|Any CPU
		{C2979FA7-FA25-48A4-BF30-82A97C0D565A}.Release|Any CPU.Build.0 = Release|Any CPU
	EndGlobalSection
	GlobalSection(SolutionProperties) = preSolution
		HideSolutionNode = FALSE
	EndGlobalSection
	GlobalSection(ExtensibilityGlobals) = postSolution
		SolutionGuid = {15DFFDFC-B7AF-4947-AF04-D5B8A9DDE107}
	EndGlobalSection
EndGlobal
